{
  "version": "5",
  "specifiers": {
    "jsr:@hono/hono@*": "4.10.6",
    "jsr:@hono/hono@^4.10.6": "4.10.6",
    "jsr:@std/assert@*": "1.0.7",
    "jsr:@std/assert@^1.0.16": "1.0.16",
    "jsr:@std/cli@*": "1.0.22",
    "jsr:@std/cli@^1.0.24": "1.0.24",
    "jsr:@std/dotenv@*": "0.225.5",
    "jsr:@std/dotenv@~0.225.5": "0.225.5",
    "jsr:@std/fs@*": "1.0.19",
    "jsr:@std/fs@^1.0.20": "1.0.20",
    "jsr:@std/internal@^1.0.10": "1.0.10",
    "jsr:@std/internal@^1.0.12": "1.0.12",
    "jsr:@std/internal@^1.0.5": "1.0.10",
    "jsr:@std/internal@^1.0.9": "1.0.10",
    "jsr:@std/media-types@*": "1.1.0",
    "jsr:@std/media-types@^1.1.0": "1.1.0",
    "jsr:@std/path@*": "1.0.8",
    "jsr:@std/path@1.1.3": "1.1.3",
    "jsr:@std/path@^1.1.1": "1.1.2",
    "jsr:@std/path@^1.1.3": "1.1.3",
    "jsr:@std/uuid@*": "1.0.7",
    "jsr:@std/yaml@*": "1.0.9",
    "npm:mime-types@^3.0.2": "3.0.2",
    "npm:mongodb@*": "6.10.0",
    "npm:mongodb@6.10.0": "6.10.0",
    "npm:sanitize-filename-ts@*": "1.0.2"
  },
  "jsr": {
    "@hono/hono@4.9.10": {
      "integrity": "b416cf3bf42e33353e37ea13df409b08bd9a67fabc5fca630f76924fbadb01e5"
    },
    "@hono/hono@4.10.6": {
      "integrity": "bcbbf9753a3570f2fa4609484bae0cead85a3feb110ee9ceb7ffc37d845d9a4d"
    },
    "@std/assert@1.0.7": {
      "integrity": "64ce9fac879e0b9f3042a89b3c3f8ccfc9c984391af19e2087513a79d73e28c3",
      "dependencies": [
        "jsr:@std/internal@^1.0.5"
      ]
    },
    "@std/assert@1.0.16": {
      "integrity": "6a7272ed1eaa77defe76e5ff63ca705d9c495077e2d5fd0126d2b53fc5bd6532",
      "dependencies": [
        "jsr:@std/internal@^1.0.12"
      ]
    },
    "@std/cli@1.0.22": {
      "integrity": "50d1e4f87887cb8a8afa29b88505ab5081188f5cad3985460c3b471fa49ff21a"
    },
    "@std/cli@1.0.24": {
      "integrity": "b655a5beb26aa94f98add6bc8889f5fb9bc3ee2cc3fc954e151201f4c4200a5e",
      "dependencies": [
        "jsr:@std/internal@^1.0.12"
      ]
    },
    "@std/dotenv@0.225.2": {
      "integrity": "e2025dce4de6c7bca21dece8baddd4262b09d5187217e231b033e088e0c4dd23"
    },
    "@std/dotenv@0.225.5": {
      "integrity": "9ce6f9d0ec3311f74a32535aa1b8c62ed88b1ab91b7f0815797d77a6f60c922f"
    },
    "@std/fs@1.0.19": {
      "integrity": "051968c2b1eae4d2ea9f79a08a3845740ef6af10356aff43d3e2ef11ed09fb06",
      "dependencies": [
        "jsr:@std/internal@^1.0.9",
        "jsr:@std/path@^1.1.1"
      ]
    },
    "@std/fs@1.0.20": {
      "integrity": "e953206aae48d46ee65e8783ded459f23bec7dd1f3879512911c35e5484ea187",
      "dependencies": [
        "jsr:@std/internal@^1.0.12",
        "jsr:@std/path@^1.1.3"
      ]
    },
    "@std/internal@1.0.10": {
      "integrity": "e3be62ce42cab0e177c27698e5d9800122f67b766a0bea6ca4867886cbde8cf7"
    },
    "@std/internal@1.0.12": {
      "integrity": "972a634fd5bc34b242024402972cd5143eac68d8dffaca5eaa4dba30ce17b027"
    },
    "@std/media-types@1.1.0": {
      "integrity": "c9d093f0c05c3512932b330e3cc1fe1d627b301db33a4c2c2185c02471d6eaa4"
    },
    "@std/path@1.0.8": {
      "integrity": "548fa456bb6a04d3c1a1e7477986b6cffbce95102d0bb447c67c4ee70e0364be"
    },
    "@std/path@1.1.2": {
      "integrity": "c0b13b97dfe06546d5e16bf3966b1cadf92e1cc83e56ba5476ad8b498d9e3038",
      "dependencies": [
        "jsr:@std/internal@^1.0.10"
      ]
    },
    "@std/path@1.1.3": {
      "integrity": "b015962d82a5e6daea980c32b82d2c40142149639968549c649031a230b1afb3",
      "dependencies": [
        "jsr:@std/internal@^1.0.12"
      ]
    },
    "@std/uuid@1.0.7": {
      "integrity": "6885db5cd60794049d1661b5cf06b1e1ed65b2affd054ec8b06da7d2efd421ca"
    },
    "@std/yaml@1.0.9": {
      "integrity": "6bad3dc766dd85b4b37eabcba81b6aa4eac7a392792ae29abcfb0f90602d55bb"
    }
  },
  "npm": {
    "@mongodb-js/saslprep@1.3.2": {
      "integrity": "sha512-QgA5AySqB27cGTXBFmnpifAi7HxoGUeezwo6p9dI03MuDB6Pp33zgclqVb6oVK3j6I9Vesg0+oojW2XxB59SGg==",
      "dependencies": [
        "sparse-bitfield"
      ]
    },
    "@types/webidl-conversions@7.0.3": {
      "integrity": "sha512-CiJJvcRtIgzadHCYXw7dqEnMNRjhGZlYK05Mj9OyktqV8uVT8fD2BFOB7S1uwBE3Kj2Z+4UyPmFw/Ixgw/LAlA=="
    },
    "@types/whatwg-url@11.0.5": {
      "integrity": "sha512-coYR071JRaHa+xoEvvYqvnIHaVqaYrLPbsufM9BF63HkwI5Lgmy2QR8Q5K/lYDYo5AK82wOvSOS0UsLTpTG7uQ==",
      "dependencies": [
        "@types/webidl-conversions"
      ]
    },
    "bson@6.10.4": {
      "integrity": "sha512-WIsKqkSC0ABoBJuT1LEX+2HEvNmNKKgnTAyd0fL8qzK4SH2i9NXg+t08YtdZp/V9IZ33cxe3iV4yM0qg8lMQng=="
    },
    "memory-pager@1.5.0": {
      "integrity": "sha512-ZS4Bp4r/Zoeq6+NLJpP+0Zzm0pR8whtGPf1XExKLJBAczGMnSi3It14OiNCStjQjM6NU1okjQGSxgEZN8eBYKg=="
    },
    "mime-db@1.54.0": {
      "integrity": "sha512-aU5EJuIN2WDemCcAp2vFBfp/m4EAhWJnUNSSw0ixs7/kXbd6Pg64EmwJkNdFhB8aWt1sH2CTXrLxo/iAGV3oPQ=="
    },
    "mime-types@3.0.2": {
      "integrity": "sha512-Lbgzdk0h4juoQ9fCKXW4by0UJqj+nOOrI9MJ1sSj4nI8aI2eo1qmvQEie4VD1glsS250n15LsWsYtCugiStS5A==",
      "dependencies": [
        "mime-db"
      ]
    },
    "mongodb-connection-string-url@3.0.2": {
      "integrity": "sha512-rMO7CGo/9BFwyZABcKAWL8UJwH/Kc2x0g72uhDWzG48URRax5TCIcJ7Rc3RZqffZzO/Gwff/jyKwCU9TN8gehA==",
      "dependencies": [
        "@types/whatwg-url",
        "whatwg-url"
      ]
    },
    "mongodb@6.10.0": {
      "integrity": "sha512-gP9vduuYWb9ZkDM546M+MP2qKVk5ZG2wPF63OvSRuUbqCR+11ZCAE1mOfllhlAG0wcoJY5yDL/rV3OmYEwXIzg==",
      "dependencies": [
        "@mongodb-js/saslprep",
        "bson",
        "mongodb-connection-string-url"
      ]
    },
    "punycode@2.3.1": {
      "integrity": "sha512-vYt7UD1U9Wg6138shLtLOvdAu+8DsC/ilFtEVHcH+wydcSpNE20AfSOduf6MkRFahL5FY7X1oU7nKVZFtfq8Fg=="
    },
    "sanitize-filename-ts@1.0.2": {
      "integrity": "sha512-bON2VOJoappmaBHlnxvBNk5R7HkUAsirf5m1M5Kz15uZykDGbHfGPCQNcEQKR8HrQhgh9CmQ6Xe9y71yM9ywkw==",
      "dependencies": [
        "truncate-utf8-bytes"
      ]
    },
    "sparse-bitfield@3.0.3": {
      "integrity": "sha512-kvzhi7vqKTfkh0PZU+2D2PIllw2ymqJKujUcyPMd9Y75Nv4nPbGJZXNhxsgdQab2BmlDct1YnfQCguEvHr7VsQ==",
      "dependencies": [
        "memory-pager"
      ]
    },
    "tr46@5.1.1": {
      "integrity": "sha512-hdF5ZgjTqgAntKkklYw0R03MG2x/bSzTtkxmIRw/sTNV8YXsCJ1tfLAX23lhxhHJlEf3CRCOCGGWw3vI3GaSPw==",
      "dependencies": [
        "punycode"
      ]
    },
    "truncate-utf8-bytes@1.0.2": {
      "integrity": "sha512-95Pu1QXQvruGEhv62XCMO3Mm90GscOCClvrIUwCM0PYOXK3kaF3l3sIHxx71ThJfcbM2O5Au6SO3AWCSEfW4mQ==",
      "dependencies": [
        "utf8-byte-length"
      ]
    },
    "utf8-byte-length@1.0.5": {
      "integrity": "sha512-Xn0w3MtiQ6zoz2vFyUVruaCL53O/DwUvkEeOvj+uulMm0BkUGYWmBYVyElqZaSLhY6ZD0ulfU3aBra2aVT4xfA=="
    },
    "webidl-conversions@7.0.0": {
      "integrity": "sha512-VwddBukDzu71offAQR975unBIGqfKZpM+8ZX6ySk8nYhVoo5CYaZyzt3YBvYtRtO+aoGlqxPg/B87NGVZ/fu6g=="
    },
    "whatwg-url@14.2.0": {
      "integrity": "sha512-De72GdQZzNTUBBChsXueQUnPKDkg/5A5zp7pFDuQAj5UFoENpiACU0wlCvzpAGnTkj++ihpKwKyYewn/XNUbKw==",
      "dependencies": [
        "tr46",
        "webidl-conversions"
      ]
    }
  },
  "redirects": {
    "https://esm.sh/unist-util-is@^6.0.0?target=denonext": "https://esm.sh/unist-util-is@6.0.0?target=denonext",
    "https://esm.sh/unist-util-visit-parents@^6.0.0?target=denonext": "https://esm.sh/unist-util-visit-parents@6.0.1?target=denonext",
    "https://esm.sh/unist-util-visit@5": "https://esm.sh/unist-util-visit@5.0.0"
  },
  "remote": {
    "https://esm.sh/unist-util-is@6.0.0/denonext/unist-util-is.mjs": "bbc00c612fd8daa022e50a0061856c52be17e0caa699dffa1e7b83b3bbe7b9f2",
    "https://esm.sh/unist-util-is@6.0.0?target=denonext": "7ac7092e893f27ed8edacb142d04dcc37169fdcfaa2ae8833a51fb9762d5e41f",
    "https://esm.sh/unist-util-visit-parents@6.0.1/denonext/do-not-use-color.mjs": "94b57609e52050f8d615ab3d096a2efb7183053a494dee89f9af2fe6c8fb9f0b",
    "https://esm.sh/unist-util-visit-parents@6.0.1/denonext/unist-util-visit-parents.mjs": "8a147d91f7a2850549a66368715bbc7c4f057d5985c8606406cd39a1970d3b06",
    "https://esm.sh/unist-util-visit-parents@6.0.1?target=denonext": "d34dfd64dfda160231fe9a0dbf994475b1d5194b2874d9c3309593e942f85ae8",
    "https://esm.sh/unist-util-visit@5.0.0": "c877716ff21eeb6c104d3fc273bd29962611c2b6eed815be90aa1dbffc448b06",
    "https://esm.sh/unist-util-visit@5.0.0/denonext/unist-util-visit.mjs": "a09fab16c3eafd466e5b5dab65ab76cb8f1eafa360b457eef35a529f59725d7f"
  },
  "workspace": {
    "dependencies": [
      "jsr:@hono/hono@^4.10.6",
      "jsr:@std/assert@^1.0.16",
      "jsr:@std/cli@^1.0.24",
      "jsr:@std/dotenv@~0.225.5",
      "jsr:@std/fs@^1.0.20",
      "jsr:@std/media-types@^1.1.0",
      "jsr:@std/path@1.1.3",
      "npm:mime-types@^3.0.2",
      "npm:mongodb@6.10.0"
    ],
    "packageJson": {
      "dependencies": [
        "npm:axios@^1.13.2"
      ]
    }
  }
}
